// !$*UTF8*$!
{
	archiveVersion = 1;
	classes = {
	};
	objectVersion = 50;
	objects = {

/* Begin PBXBuildFile section */
		DCC2353826C341F200D3C4E6 /* AppDelegate.swift in Sources */ = {isa = PBXBuildFile; fileRef = DCC2353726C341F200D3C4E6 /* AppDelegate.swift */; };
		DCC2353A26C341F200D3C4E6 /* SceneDelegate.swift in Sources */ = {isa = PBXBuildFile; fileRef = DCC2353926C341F200D3C4E6 /* SceneDelegate.swift */; };
		DCC2353C26C341F200D3C4E6 /* ViewController.swift in Sources */ = {isa = PBXBuildFile; fileRef = DCC2353B26C341F200D3C4E6 /* ViewController.swift */; };
		DCC2353F26C341F200D3C4E6 /* Main.storyboard in Resources */ = {isa = PBXBuildFile; fileRef = DCC2353D26C341F200D3C4E6 /* Main.storyboard */; };
		DCC2354126C341F500D3C4E6 /* Assets.xcassets in Resources */ = {isa = PBXBuildFile; fileRef = DCC2354026C341F500D3C4E6 /* Assets.xcassets */; };
		DCC2354426C341F500D3C4E6 /* LaunchScreen.storyboard in Resources */ = {isa = PBXBuildFile; fileRef = DCC2354226C341F500D3C4E6 /* LaunchScreen.storyboard */; };
		DCC2354D26C5726800D3C4E6 /* EnlargementViewController.swift in Sources */ = {isa = PBXBuildFile; fileRef = DCC2354C26C5726800D3C4E6 /* EnlargementViewController.swift */; };
		DCC235B726CD0EEB00D3C4E6 /* 9IZwARETOMQ.jpeg in Resources */ = {isa = PBXBuildFile; fileRef = DCC235B626CD0EEB00D3C4E6 /* 9IZwARETOMQ.jpeg */; };
		DCC235BA26CD0EF300D3C4E6 /* wdUjA_RN-p0.jpeg in Resources */ = {isa = PBXBuildFile; fileRef = DCC235B926CD0EF300D3C4E6 /* wdUjA_RN-p0.jpeg */; };
		DCC235BD26CD0EFA00D3C4E6 /* jGibIXR2NVE.jpeg in Resources */ = {isa = PBXBuildFile; fileRef = DCC235BC26CD0EFA00D3C4E6 /* jGibIXR2NVE.jpeg */; };
		DCC235C026CD0EFF00D3C4E6 /* clriYc-Nfk0.jpeg in Resources */ = {isa = PBXBuildFile; fileRef = DCC235BF26CD0EFF00D3C4E6 /* clriYc-Nfk0.jpeg */; };
		DCC235C326CD0F0600D3C4E6 /* _YHm00f5RxE.jpeg in Resources */ = {isa = PBXBuildFile; fileRef = DCC235C226CD0F0600D3C4E6 /* _YHm00f5RxE.jpeg */; };
/* End PBXBuildFile section */

/* Begin PBXFileReference section */
		DCC2353426C341F200D3C4E6 /* SlideshowApp.app */ = {isa = PBXFileReference; explicitFileType = wrapper.application; includeInIndex = 0; path = SlideshowApp.app; sourceTree = BUILT_PRODUCTS_DIR; };
		DCC2353726C341F200D3C4E6 /* AppDelegate.swift */ = {isa = PBXFileReference; lastKnownFileType = sourcecode.swift; path = AppDelegate.swift; sourceTree = "<group>"; };
		DCC2353926C341F200D3C4E6 /* SceneDelegate.swift */ = {isa = PBXFileReference; lastKnownFileType = sourcecode.swift; path = SceneDelegate.swift; sourceTree = "<group>"; };
		DCC2353B26C341F200D3C4E6 /* ViewController.swift */ = {isa = PBXFileReference; lastKnownFileType = sourcecode.swift; path = ViewController.swift; sourceTree = "<group>"; };
		DCC2353E26C341F200D3C4E6 /* Base */ = {isa = PBXFileReference; lastKnownFileType = file.storyboard; name = Base; path = Base.lproj/Main.storyboard; sourceTree = "<group>"; };
		DCC2354026C341F500D3C4E6 /* Assets.xcassets */ = {isa = PBXFileReference; lastKnownFileType = folder.assetcatalog; path = Assets.xcassets; sourceTree = "<group>"; };
		DCC2354326C341F500D3C4E6 /* Base */ = {isa = PBXFileReference; lastKnownFileType = file.storyboard; name = Base; path = Base.lproj/LaunchScreen.storyboard; sourceTree = "<group>"; };
		DCC2354526C341F500D3C4E6 /* Info.plist */ = {isa = PBXFileReference; lastKnownFileType = text.plist.xml; path = Info.plist; sourceTree = "<group>"; };
		DCC2354C26C5726800D3C4E6 /* EnlargementViewController.swift */ = {isa = PBXFileReference; lastKnownFileType = sourcecode.swift; path = EnlargementViewController.swift; sourceTree = "<group>"; };
		DCC235B626CD0EEB00D3C4E6 /* 9IZwARETOMQ.jpeg */ = {isa = PBXFileReference; lastKnownFileType = image.jpeg; path = 9IZwARETOMQ.jpeg; sourceTree = "<group>"; };
		DCC235B926CD0EF300D3C4E6 /* wdUjA_RN-p0.jpeg */ = {isa = PBXFileReference; lastKnownFileType = image.jpeg; path = "wdUjA_RN-p0.jpeg"; sourceTree = "<group>"; };
		DCC235BC26CD0EFA00D3C4E6 /* jGibIXR2NVE.jpeg */ = {isa = PBXFileReference; lastKnownFileType = image.jpeg; path = jGibIXR2NVE.jpeg; sourceTree = "<group>"; };
		DCC235BF26CD0EFF00D3C4E6 /* clriYc-Nfk0.jpeg */ = {isa = PBXFileReference; lastKnownFileType = image.jpeg; path = "clriYc-Nfk0.jpeg"; sourceTree = "<group>"; };
		DCC235C226CD0F0600D3C4E6 /* _YHm00f5RxE.jpeg */ = {isa = PBXFileReference; lastKnownFileType = image.jpeg; path = _YHm00f5RxE.jpeg; sourceTree = "<group>"; };
/* End PBXFileReference section */

/* Begin PBXFrameworksBuildPhase section */
		DCC2353126C341F200D3C4E6 /* Frameworks */ = {
			isa = PBXFrameworksBuildPhase;
			buildActionMask = 2147483647;
			files = (
			);
			runOnlyForDeploymentPostprocessing = 0;
		};
/* End PBXFrameworksBuildPhase section */

/* Begin PBXGroup section */
		DCC2352B26C341F200D3C4E6 = {
			isa = PBXGroup;
			children = (
				DCC2353626C341F200D3C4E6 /* SlideshowApp */,
				DCC2353526C341F200D3C4E6 /* Products */,
			);
			sourceTree = "<group>";
		};
		DCC2353526C341F200D3C4E6 /* Products */ = {
			isa = PBXGroup;
			children = (
				DCC2353426C341F200D3C4E6 /* SlideshowApp.app */,
			);
			name = Products;
			sourceTree = "<group>";
		};
		DCC2353626C341F200D3C4E6 /* SlideshowApp */ = {
			isa = PBXGroup;
			children = (
				DCC2353726C341F200D3C4E6 /* AppDelegate.swift */,
				DCC2353926C341F200D3C4E6 /* SceneDelegate.swift */,
				DCC2353B26C341F200D3C4E6 /* ViewController.swift */,
				DCC2354C26C5726800D3C4E6 /* EnlargementViewController.swift */,
				DCC2353D26C341F200D3C4E6 /* Main.storyboard */,
				DCC235B626CD0EEB00D3C4E6 /* 9IZwARETOMQ.jpeg */,
				DCC235B926CD0EF300D3C4E6 /* wdUjA_RN-p0.jpeg */,
				DCC235BC26CD0EFA00D3C4E6 /* jGibIXR2NVE.jpeg */,
				DCC235BF26CD0EFF00D3C4E6 /* clriYc-Nfk0.jpeg */,
				DCC235C226CD0F0600D3C4E6 /* _YHm00f5RxE.jpeg */,
				DCC2354026C341F500D3C4E6 /* Assets.xcassets */,
				DCC2354226C341F500D3C4E6 /* LaunchScreen.storyboard */,
				DCC2354526C341F500D3C4E6 /* Info.plist */,
			);
			path = SlideshowApp;
			sourceTree = "<group>";
		};
/* End PBXGroup section */

/* Begin PBXNativeTarget section */
		DCC2353326C341F200D3C4E6 /* SlideshowApp */ = {
			isa = PBXNativeTarget;
			buildConfigurationList = DCC2354826C341F500D3C4E6 /* Build configuration list for PBXNativeTarget "SlideshowApp" */;
			buildPhases = (
				DCC2353026C341F200D3C4E6 /* Sources */,
				DCC2353126C341F200D3C4E6 /* Frameworks */,
				DCC2353226C341F200D3C4E6 /* Resources */,
			);
			buildRules = (
			);
			dependencies = (
			);
			name = SlideshowApp;
			productName = SlideshowApp;
			productReference = DCC2353426C341F200D3C4E6 /* SlideshowApp.app */;
			productType = "com.apple.product-type.application";
		};
/* End PBXNativeTarget section */

/* Begin PBXProject section */
		DCC2352C26C341F200D3C4E6 /* Project object */ = {
			isa = PBXProject;
			attributes = {
				LastSwiftUpdateCheck = 1220;
				LastUpgradeCheck = 1220;
				TargetAttributes = {
					DCC2353326C341F200D3C4E6 = {
						CreatedOnToolsVersion = 12.2;
					};
				};
			};
			buildConfigurationList = DCC2352F26C341F200D3C4E6 /* Build configuration list for PBXProject "SlideshowApp" */;
			compatibilityVersion = "Xcode 9.3";
			developmentRegion = en;
			hasScannedForEncodings = 0;
			knownRegions = (
				en,
				Base,
			);
			mainGroup = DCC2352B26C341F200D3C4E6;
			productRefGroup = DCC2353526C341F200D3C4E6 /* Products */;
			projectDirPath = "";
			projectRoot = "";
			targets = (
				DCC2353326C341F200D3C4E6 /* SlideshowApp */,
			);
		};
/* End PBXProject section */

/* Begin PBXResourcesBuildPhase section */
		DCC2353226C341F200D3C4E6 /* Resources */ = {
			isa = PBXResourcesBuildPhase;
			buildActionMask = 2147483647;
			files = (
				DCC235B726CD0EEB00D3C4E6 /* 9IZwARETOMQ.jpeg in Resources */,
				DCC235BA26CD0EF300D3C4E6 /* wdUjA_RN-p0.jpeg in Resources */,
				DCC235C026CD0EFF00D3C4E6 /* clriYc-Nfk0.jpeg in Resources */,
				DCC235C326CD0F0600D3C4E6 /* _YHm00f5RxE.jpeg in Resources */,
				DCC2354426C341F500D3C4E6 /* LaunchScreen.storyboard in Resources */,
				DCC2354126C341F500D3C4E6 /* Assets.xcassets in Resources */,
				DCC235BD26CD0EFA00D3C4E6 /* jGibIXR2NVE.jpeg in Resources */,
				DCC2353F26C341F200D3C4E6 /* Main.storyboard in Resources */,
			);
			runOnlyForDeploymentPostprocessing = 0;
		};
/* End PBXResourcesBuildPhase section */

/* Begin PBXSourcesBuildPhase section */
		DCC2353026C341F200D3C4E6 /* Sources */ = {
			isa = PBXSourcesBuildPhase;
			buildActionMask = 2147483647;
			files = (
				DCC2353C26C341F200D3C4E6 /* ViewController.swift in Sources */,
				DCC2353826C341F200D3C4E6 /* AppDelegate.swift in Sources */,
				DCC2353A26C341F200D3C4E6 /* SceneDelegate.swift in Sources */,
				DCC2354D26C5726800D3C4E6 /* EnlargementViewController.swift in Sources */,
			);
			runOnlyForDeploymentPostprocessing = 0;
		};
/* End PBXSourcesBuildPhase section */

/* Begin PBXVariantGroup section */
		DCC2353D26C341F200D3C4E6 /* Main.storyboard */ = {
			isa = PBXVariantGroup;
			children = (
				DCC2353E26C341F200D3C4E6 /* Base */,
			);
			name = Main.storyboard;
			sourceTree = "<group>";
		};
		DCC2354226C341F500D3C4E6 /* LaunchScreen.storyboard */ = {
			isa = PBXVariantGroup;
			children = (
				DCC2354326C341F500D3C4E6 /* Base */,
			);
			name = LaunchScreen.storyboard;
			sourceTree = "<group>";
		};
/* End PBXVariantGroup section */

/* Begin XCBuildConfiguration section */
		DCC2354626C341F500D3C4E6 /* Debug */ = {
			isa = XCBuildConfiguration;
			buildSettings = {
				ALWAYS_SEARCH_USER_PATHS = NO;
				CLANG_ANALYZER_NONNULL = YES;
				CLANG_ANALYZER_NUMBER_OBJECT_CONVERSION = YES_AGGRESSIVE;
				CLANG_CXX_LANGUAGE_STANDARD = "gnu++14";
				CLANG_CXX_LIBRARY = "libc++";
				CLANG_ENABLE_MODULES = YES;
				CLANG_ENABLE_OBJC_ARC = YES;
				CLANG_ENABLE_OBJC_WEAK = YES;
				CLANG_WARN_BLOCK_CAPTURE_AUTORELEASING = YES;
				CLANG_WARN_BOOL_CONVERSION = YES;
				CLANG_WARN_COMMA = YES;
				CLANG_WARN_CONSTANT_CONVERSION = YES;
				CLANG_WARN_DEPRECATED_OBJC_IMPLEMENTATIONS = YES;
				CLANG_WARN_DIRECT_OBJC_ISA_USAGE = YES_ERROR;
				CLANG_WARN_DOCUMENTATION_COMMENTS = YES;
				CLANG_WARN_EMPTY_BODY = YES;
				CLANG_WARN_ENUM_CONVERSION = YES;
				CLANG_WARN_INFINITE_RECURSION = YES;
				CLANG_WARN_INT_CONVERSION = YES;
				CLANG_WARN_NON_LITERAL_NULL_CONVERSION = YES;
				CLANG_WARN_OBJC_IMPLICIT_RETAIN_SELF = YES;
				CLANG_WARN_OBJC_LITERAL_CONVERSION = YES;
				CLANG_WARN_OBJC_ROOT_CLASS = YES_ERROR;
				CLANG_WARN_QUOTED_INCLUDE_IN_FRAMEWORK_HEADER = YES;
				CLANG_WARN_RANGE_LOOP_ANALYSIS = YES;
				CLANG_WARN_STRICT_PROTOTYPES = YES;
				CLANG_WARN_SUSPICIOUS_MOVE = YES;
				CLANG_WARN_UNGUARDED_AVAILABILITY = YES_AGGRESSIVE;
				CLANG_WARN_UNREACHABLE_CODE = YES;
				CLANG_WARN__DUPLICATE_METHOD_MATCH = YES;
				COPY_PHASE_STRIP = NO;
				DEBUG_INFORMATION_FORMAT = dwarf;
				ENABLE_STRICT_OBJC_MSGSEND = YES;
				ENABLE_TESTABILITY = YES;
				GCC_C_LANGUAGE_STANDARD = gnu11;
				GCC_DYNAMIC_NO_PIC = NO;
				GCC_NO_COMMON_BLOCKS = YES;
				GCC_OPTIMIZATION_LEVEL = 0;
				GCC_PREPROCESSOR_DEFINITIONS = (
					"DEBUG=1",
					"$(inherited)",
				);
				GCC_WARN_64_TO_32_BIT_CONVERSION = YES;
				GCC_WARN_ABOUT_RETURN_TYPE = YES_ERROR;
				GCC_WARN_UNDECLARED_SELECTOR = YES;
				GCC_WARN_UNINITIALIZED_AUTOS = YES_AGGRESSIVE;
				GCC_WARN_UNUSED_FUNCTION = YES;
				GCC_WARN_UNUSED_VARIABLE = YES;
				IPHONEOS_DEPLOYMENT_TARGET = 14.2;
				MTL_ENABLE_DEBUG_INFO = INCLUDE_SOURCE;
				MTL_FAST_MATH = YES;
				ONLY_ACTIVE_ARCH = YES;
				SDKROOT = iphoneos;
				SWIFT_ACTIVE_COMPILATION_CONDITIONS = DEBUG;
				SWIFT_OPTIMIZATION_LEVEL = "-Onone";
			};
			name = Debug;
		};
		DCC2354726C341F500D3C4E6 /* Release */ = {
			isa = XCBuildConfiguration;
			buildSettings = {
				ALWAYS_SEARCH_USER_PATHS = NO;
				CLANG_ANALYZER_NONNULL = YES;
				CLANG_ANALYZER_NUMBER_OBJECT_CONVERSION = YES_AGGRESSIVE;
				CLANG_CXX_LANGUAGE_STANDARD = "gnu++14";
				CLANG_CXX_LIBRARY = "libc++";
				CLANG_ENABLE_MODULES = YES;
				CLANG_ENABLE_OBJC_ARC = YES;
				CLANG_ENABLE_OBJC_WEAK = YES;
				CLANG_WARN_BLOCK_CAPTURE_AUTORELEASING = YES;
				CLANG_WARN_BOOL_CONVERSION = YES;
				CLANG_WARN_COMMA = YES;
				CLANG_WARN_CONSTANT_CONVERSION = YES;
				CLANG_WARN_DEPRECATED_OBJC_IMPLEMENTATIONS = YES;
				CLANG_WARN_DIRECT_OBJC_ISA_USAGE = YES_ERROR;
				CLANG_WARN_DOCUMENTATION_COMMENTS = YES;
				CLANG_WARN_EMPTY_BODY = YES;
				CLANG_WARN_ENUM_CONVERSION = YES;
				CLANG_WARN_INFINITE_RECURSION = YES;
				CLANG_WARN_INT_CONVERSION = YES;
				CLANG_WARN_NON_LITERAL_NULL_CONVERSION = YES;
				CLANG_WARN_OBJC_IMPLICIT_RETAIN_SELF = YES;
				CLANG_WARN_OBJC_LITERAL_CONVERSION = YES;
				CLANG_WARN_OBJC_ROOT_CLASS = YES_ERROR;
				CLANG_WARN_QUOTED_INCLUDE_IN_FRAMEWORK_HEADER = YES;
				CLANG_WARN_RANGE_LOOP_ANALYSIS = YES;
				CLANG_WARN_STRICT_PROTOTYPES = YES;
				CLANG_WARN_SUSPICIOUS_MOVE = YES;
				CLANG_WARN_UNGUARDED_AVAILABILITY = YES_AGGRESSIVE;
				CLANG_WARN_UNREACHABLE_CODE = YES;
				CLANG_WARN__DUPLICATE_METHOD_MATCH = YES;
				COPY_PHASE_STRIP = NO;
				DEBUG_INFORMATION_FORMAT = "dwarf-with-dsym";
				ENABLE_NS_ASSERTIONS = NO;
				ENABLE_STRICT_OBJC_MSGSEND = YES;
				GCC_C_LANGUAGE_STANDARD = gnu11;
				GCC_NO_COMMON_BLOCKS = YES;
				GCC_WARN_64_TO_32_BIT_CONVERSION = YES;
				GCC_WARN_ABOUT_RETURN_TYPE = YES_ERROR;
				GCC_WARN_UNDECLARED_SELECTOR = YES;
				GCC_WARN_UNINITIALIZED_AUTOS = YES_AGGRESSIVE;
				GCC_WARN_UNUSED_FUNCTION = YES;
				GCC_WARN_UNUSED_VARIABLE = YES;
				IPHONEOS_DEPLOYMENT_TARGET = 14.2;
				MTL_ENABLE_DEBUG_INFO = NO;
				MTL_FAST_MATH = YES;
				SDKROOT = iphoneos;
				SWIFT_COMPILATION_MODE = wholemodule;
				SWIFT_OPTIMIZATION_LEVEL = "-O";
				VALIDATE_PRODUCT = YES;
			};
			name = Release;
		};
		DCC2354926C341F500D3C4E6 /* Debug */ = {
			isa = XCBuildConfiguration;
			buildSettings = {
				ASSETCATALOG_COMPILER_APPICON_NAME = AppIcon;
				ASSETCATALOG_COMPILER_GLOBAL_ACCENT_COLOR_NAME = AccentColor;
				CODE_SIGN_STYLE = Automatic;
				DEVELOPMENT_TEAM = 35UBY28H9F;
				INFOPLIST_FILE = SlideshowApp/Info.plist;
				LD_RUNPATH_SEARCH_PATHS = (
					"$(inherited)",
					"@executable_path/Frameworks",
				);
				PRODUCT_BUNDLE_IDENTIFIER = jp.techacademy.hrkwatta.SlideshowApp;
				PRODUCT_NAME = "$(TARGET_NAME)";
				SWIFT_VERSION = 5.0;
				TARGETED_DEVICE_FAMILY = "1,2";
			};
			name = Debug;
		};
		DCC2354A26C341F500D3C4E6 /* Release */ = {
			isa = XCBuildConfiguration;
			buildSettings = {
				ASSETCATALOG_COMPILER_APPICON_NAME = AppIcon;
				ASSETCATALOG_COMPILER_GLOBAL_ACCENT_COLOR_NAME = AccentColor;
				CODE_SIGN_STYLE = Automatic;
				DEVELOPMENT_TEAM = 35UBY28H9F;
				INFOPLIST_FILE = SlideshowApp/Info.plist;
				LD_RUNPATH_SEARCH_PATHS = (
					"$(inherited)",
					"@executable_path/Frameworks",
				);
				PRODUCT_BUNDLE_IDENTIFIER = jp.techacademy.hrkwatta.SlideshowApp;
				PRODUCT_NAME = "$(TARGET_NAME)";
				SWIFT_VERSION = 5.0;
				TARGETED_DEVICE_FAMILY = "1,2";
			};
			name = Release;
		};
/* End XCBuildConfiguration section */

/* Begin XCConfigurationList section */
		DCC2352F26C341F200D3C4E6 /* Build configuration list for PBXProject "SlideshowApp" */ = {
			isa = XCConfigurationList;
			buildConfigurations = (
				DCC2354626C341F500D3C4E6 /* Debug */,
				DCC2354726C341F500D3C4E6 /* Release */,
			);
			defaultConfigurationIsVisible = 0;
			defaultConfigurationName = Release;
		};
		DCC2354826C341F500D3C4E6 /* Build configuration list for PBXNativeTarget "SlideshowApp" */ = {
			isa = XCConfigurationList;
			buildConfigurations = (
				DCC2354926C341F500D3C4E6 /* Debug */,
				DCC2354A26C341F500D3C4E6 /* Release */,
			);
			defaultConfigurationIsVisible = 0;
			defaultConfigurationName = Release;
		};
/* End XCConfigurationList section */
	};
	rootObject = DCC2352C26C341F200D3C4E6 /* Project object */;
}
